
Microsoft Visual Studio Solution File, Format Version 12.00
# Visual Studio 2013
VisualStudioVersion = 12.0.21005.1
MinimumVisualStudioVersion = 10.0.40219.1
Project("{2150E333-8FDC-42A3-9474-1A3956D46DE8}") = "1-Creational Patterns （创建型模式）", "1-Creational Patterns （创建型模式）", "{378D5B58-87B9-4BD9-9F9C-8234733A7D36}"
EndProject
Project("{2150E333-8FDC-42A3-9474-1A3956D46DE8}") = "2-Structural Patterns （结构型模式）", "2-Structural Patterns （结构型模式）", "{B1C927ED-CF35-4F8B-8286-BA675AEEDED3}"
EndProject
Project("{2150E333-8FDC-42A3-9474-1A3956D46DE8}") = "3-Behavioral Patterns （行为型模式）", "3-Behavioral Patterns （行为型模式）", "{97C6FD37-A60F-48F7-B100-DCD76C2E9635}"
EndProject
Project("{2150E333-8FDC-42A3-9474-1A3956D46DE8}") = "4-Design Discipline （设计原则）", "4-Design Discipline （设计原则）", "{81ACFE36-5195-4370-8F79-5963E823B657}"
EndProject
Project("{2150E333-8FDC-42A3-9474-1A3956D46DE8}") = "5-Data Access Patterns （数据访问模式）", "5-Data Access Patterns （数据访问模式）", "{D52C8D21-6D26-4835-A15B-CF5FE670F3E5}"
EndProject
Project("{2150E333-8FDC-42A3-9474-1A3956D46DE8}") = "01-Abstract Factory （抽象工厂模式）", "01-Abstract Factory （抽象工厂模式）", "{820D2B6D-B591-4EE6-B2E4-C7D47399FC7B}"
EndProject
Project("{2150E333-8FDC-42A3-9474-1A3956D46DE8}") = "02-Builder （建造者模式）", "02-Builder （建造者模式）", "{5E628D85-2795-43F1-92CA-90C84ABDFE4E}"
EndProject
Project("{2150E333-8FDC-42A3-9474-1A3956D46DE8}") = "03-Factory Method （工厂方法模式）", "03-Factory Method （工厂方法模式）", "{00F9CF27-002B-4B2C-8E2B-31DB35BB167C}"
EndProject
Project("{2150E333-8FDC-42A3-9474-1A3956D46DE8}") = "04-Prototype （原型模式）", "04-Prototype （原型模式）", "{91479238-BD69-4D3A-BB38-F98B3BD1B93D}"
EndProject
Project("{2150E333-8FDC-42A3-9474-1A3956D46DE8}") = "05-Singleton （单例模式）", "05-Singleton （单例模式）", "{D5806FD9-B26A-4059-B630-AB72EB4F0742}"
EndProject
Project("{2150E333-8FDC-42A3-9474-1A3956D46DE8}") = "06-Adapter （适配器模式）", "06-Adapter （适配器模式）", "{1E6EE00E-5E9C-46FD-9278-4BE18369856B}"
EndProject
Project("{2150E333-8FDC-42A3-9474-1A3956D46DE8}") = "07-Bridge （桥梁模式）", "07-Bridge （桥梁模式）", "{1F55CB72-5DA5-4624-BEA5-BE15CCF6284A}"
EndProject
Project("{2150E333-8FDC-42A3-9474-1A3956D46DE8}") = "08-Composite （组合模式）", "08-Composite （组合模式）", "{74D1F115-74B3-471E-95BC-161B6C7AB1EC}"
EndProject
Project("{2150E333-8FDC-42A3-9474-1A3956D46DE8}") = "09-Decorator （装饰模式）", "09-Decorator （装饰模式）", "{0A90F27E-3BA1-4249-8463-ED3F1EA3416F}"
EndProject
Project("{2150E333-8FDC-42A3-9474-1A3956D46DE8}") = "10-Facade （门面模式）", "10-Facade （门面模式）", "{94BCB21C-AF8F-4A05-9FA6-9CEA39E2B2C5}"
EndProject
Project("{2150E333-8FDC-42A3-9474-1A3956D46DE8}") = "11-Flyweight （享元模式）", "11-Flyweight （享元模式）", "{D1260F11-CFEE-4B30-8902-B681BD77B518}"
EndProject
Project("{2150E333-8FDC-42A3-9474-1A3956D46DE8}") = "12-Proxy （代理模式）", "12-Proxy （代理模式）", "{D1EE8D7C-845C-403F-8E22-809941B2BEA3}"
EndProject
Project("{2150E333-8FDC-42A3-9474-1A3956D46DE8}") = "13-Chain of Responsibility （职责链模式）", "13-Chain of Responsibility （职责链模式）", "{7EFB4EA0-28CF-4EED-B669-ED14AE037F7D}"
EndProject
Project("{2150E333-8FDC-42A3-9474-1A3956D46DE8}") = "14-Command （命令模式）", "14-Command （命令模式）", "{39B36EAF-CE44-4B8E-9820-214112FCF62F}"
EndProject
Project("{2150E333-8FDC-42A3-9474-1A3956D46DE8}") = "15-Interpreter （解释器模式）", "15-Interpreter （解释器模式）", "{CA335A0B-1612-4424-9519-F0482BA0CB13}"
EndProject
Project("{2150E333-8FDC-42A3-9474-1A3956D46DE8}") = "18-Memento （备忘录模式）", "18-Memento （备忘录模式）", "{FFA3A94A-C3EC-45F2-8A8F-A6C364DCE69F}"
EndProject
Project("{2150E333-8FDC-42A3-9474-1A3956D46DE8}") = "19-Oberver （观察者模式）", "19-Oberver （观察者模式）", "{20E3A404-A99C-4B0B-90E2-DFA3ED52996E}"
EndProject
Project("{2150E333-8FDC-42A3-9474-1A3956D46DE8}") = "20-State （状态模式）", "20-State （状态模式）", "{D43256FB-E1A0-45C6-BA2B-F28BFCA7E8B0}"
EndProject
Project("{2150E333-8FDC-42A3-9474-1A3956D46DE8}") = "21-Strategy （策略模式）", "21-Strategy （策略模式）", "{83CF11B8-0E17-4CAB-B107-1E13B4CBBF99}"
EndProject
Project("{2150E333-8FDC-42A3-9474-1A3956D46DE8}") = "22-Template Method （模板方法模式）", "22-Template Method （模板方法模式）", "{9E73FE3A-77E0-4DD7-9CA7-125B864D772E}"
EndProject
Project("{2150E333-8FDC-42A3-9474-1A3956D46DE8}") = "23-Visitor （访问者模式）", "23-Visitor （访问者模式）", "{B12738B3-68C7-4A65-AAC2-7AF17599098B}"
EndProject
Project("{2150E333-8FDC-42A3-9474-1A3956D46DE8}") = "16-Iterator （迭代器模式）", "16-Iterator （迭代器模式）", "{DDE64B7A-53FF-4C86-A0E1-62D2612D4B88}"
EndProject
Project("{2150E333-8FDC-42A3-9474-1A3956D46DE8}") = "17-Mediator （中介者模式）", "17-Mediator （中介者模式）", "{F124ED04-7E99-47FE-8BBB-1341656EE36D}"
EndProject
Project("{2150E333-8FDC-42A3-9474-1A3956D46DE8}") = "1-Single Responsibility （单一职责原则）", "1-Single Responsibility （单一职责原则）", "{B9AA54C0-C27F-4814-9415-3DBEF21170E0}"
EndProject
Project("{2150E333-8FDC-42A3-9474-1A3956D46DE8}") = "2-Liskov Substitution （里氏替换原则）", "2-Liskov Substitution （里氏替换原则）", "{766A0FC4-04AF-4685-841C-5247ABB78BB1}"
EndProject
Project("{2150E333-8FDC-42A3-9474-1A3956D46DE8}") = "3-Interface Segregation （接口隔离原则）", "3-Interface Segregation （接口隔离原则）", "{2F3631BD-5C69-4992-AB90-0A7DCBE59BA6}"
EndProject
Project("{2150E333-8FDC-42A3-9474-1A3956D46DE8}") = "4-Dependence Inversion （依赖倒置原则）", "4-Dependence Inversion （依赖倒置原则）", "{A7313DA7-7D2B-4004-A157-ED9B3DE3C8F0}"
EndProject
Project("{2150E333-8FDC-42A3-9474-1A3956D46DE8}") = "5-Low Of Demeter （迪米特法则）", "5-Low Of Demeter （迪米特法则）", "{627DCF5A-0A57-4900-B3C4-29076651F594}"
EndProject
Project("{2150E333-8FDC-42A3-9474-1A3956D46DE8}") = "6-Open Close （开闭原则）", "6-Open Close （开闭原则）", "{456E470F-BBFD-47C4-9748-F231F3584DBD}"
EndProject
Project("{FAE04EC0-301F-11D3-BF4B-00C04F79EFBC}") = "Com.SingletonPattern", "Com.SingletonPattern\Com.SingletonPattern.csproj", "{D713A2F1-A461-495E-8D74-D2846A70EA36}"
EndProject
Project("{FAE04EC0-301F-11D3-BF4B-00C04F79EFBC}") = "SingletonClient", "SingletonClient\SingletonClient.csproj", "{EFBEE0B8-275D-4700-BCC3-78C79BEE0A57}"
EndProject
Global
	GlobalSection(SolutionConfigurationPlatforms) = preSolution
		Debug|Any CPU = Debug|Any CPU
		Release|Any CPU = Release|Any CPU
	EndGlobalSection
	GlobalSection(ProjectConfigurationPlatforms) = postSolution
		{D713A2F1-A461-495E-8D74-D2846A70EA36}.Debug|Any CPU.ActiveCfg = Debug|Any CPU
		{D713A2F1-A461-495E-8D74-D2846A70EA36}.Debug|Any CPU.Build.0 = Debug|Any CPU
		{D713A2F1-A461-495E-8D74-D2846A70EA36}.Release|Any CPU.ActiveCfg = Release|Any CPU
		{D713A2F1-A461-495E-8D74-D2846A70EA36}.Release|Any CPU.Build.0 = Release|Any CPU
		{EFBEE0B8-275D-4700-BCC3-78C79BEE0A57}.Debug|Any CPU.ActiveCfg = Debug|Any CPU
		{EFBEE0B8-275D-4700-BCC3-78C79BEE0A57}.Debug|Any CPU.Build.0 = Debug|Any CPU
		{EFBEE0B8-275D-4700-BCC3-78C79BEE0A57}.Release|Any CPU.ActiveCfg = Release|Any CPU
		{EFBEE0B8-275D-4700-BCC3-78C79BEE0A57}.Release|Any CPU.Build.0 = Release|Any CPU
	EndGlobalSection
	GlobalSection(SolutionProperties) = preSolution
		HideSolutionNode = FALSE
	EndGlobalSection
	GlobalSection(NestedProjects) = preSolution
		{820D2B6D-B591-4EE6-B2E4-C7D47399FC7B} = {378D5B58-87B9-4BD9-9F9C-8234733A7D36}
		{5E628D85-2795-43F1-92CA-90C84ABDFE4E} = {378D5B58-87B9-4BD9-9F9C-8234733A7D36}
		{00F9CF27-002B-4B2C-8E2B-31DB35BB167C} = {378D5B58-87B9-4BD9-9F9C-8234733A7D36}
		{91479238-BD69-4D3A-BB38-F98B3BD1B93D} = {378D5B58-87B9-4BD9-9F9C-8234733A7D36}
		{D5806FD9-B26A-4059-B630-AB72EB4F0742} = {378D5B58-87B9-4BD9-9F9C-8234733A7D36}
		{1E6EE00E-5E9C-46FD-9278-4BE18369856B} = {B1C927ED-CF35-4F8B-8286-BA675AEEDED3}
		{1F55CB72-5DA5-4624-BEA5-BE15CCF6284A} = {B1C927ED-CF35-4F8B-8286-BA675AEEDED3}
		{74D1F115-74B3-471E-95BC-161B6C7AB1EC} = {B1C927ED-CF35-4F8B-8286-BA675AEEDED3}
		{0A90F27E-3BA1-4249-8463-ED3F1EA3416F} = {B1C927ED-CF35-4F8B-8286-BA675AEEDED3}
		{94BCB21C-AF8F-4A05-9FA6-9CEA39E2B2C5} = {B1C927ED-CF35-4F8B-8286-BA675AEEDED3}
		{D1260F11-CFEE-4B30-8902-B681BD77B518} = {B1C927ED-CF35-4F8B-8286-BA675AEEDED3}
		{D1EE8D7C-845C-403F-8E22-809941B2BEA3} = {B1C927ED-CF35-4F8B-8286-BA675AEEDED3}
		{7EFB4EA0-28CF-4EED-B669-ED14AE037F7D} = {97C6FD37-A60F-48F7-B100-DCD76C2E9635}
		{39B36EAF-CE44-4B8E-9820-214112FCF62F} = {97C6FD37-A60F-48F7-B100-DCD76C2E9635}
		{CA335A0B-1612-4424-9519-F0482BA0CB13} = {97C6FD37-A60F-48F7-B100-DCD76C2E9635}
		{FFA3A94A-C3EC-45F2-8A8F-A6C364DCE69F} = {97C6FD37-A60F-48F7-B100-DCD76C2E9635}
		{20E3A404-A99C-4B0B-90E2-DFA3ED52996E} = {97C6FD37-A60F-48F7-B100-DCD76C2E9635}
		{D43256FB-E1A0-45C6-BA2B-F28BFCA7E8B0} = {97C6FD37-A60F-48F7-B100-DCD76C2E9635}
		{83CF11B8-0E17-4CAB-B107-1E13B4CBBF99} = {97C6FD37-A60F-48F7-B100-DCD76C2E9635}
		{9E73FE3A-77E0-4DD7-9CA7-125B864D772E} = {97C6FD37-A60F-48F7-B100-DCD76C2E9635}
		{B12738B3-68C7-4A65-AAC2-7AF17599098B} = {97C6FD37-A60F-48F7-B100-DCD76C2E9635}
		{DDE64B7A-53FF-4C86-A0E1-62D2612D4B88} = {97C6FD37-A60F-48F7-B100-DCD76C2E9635}
		{F124ED04-7E99-47FE-8BBB-1341656EE36D} = {97C6FD37-A60F-48F7-B100-DCD76C2E9635}
		{B9AA54C0-C27F-4814-9415-3DBEF21170E0} = {81ACFE36-5195-4370-8F79-5963E823B657}
		{766A0FC4-04AF-4685-841C-5247ABB78BB1} = {81ACFE36-5195-4370-8F79-5963E823B657}
		{2F3631BD-5C69-4992-AB90-0A7DCBE59BA6} = {81ACFE36-5195-4370-8F79-5963E823B657}
		{A7313DA7-7D2B-4004-A157-ED9B3DE3C8F0} = {81ACFE36-5195-4370-8F79-5963E823B657}
		{627DCF5A-0A57-4900-B3C4-29076651F594} = {81ACFE36-5195-4370-8F79-5963E823B657}
		{456E470F-BBFD-47C4-9748-F231F3584DBD} = {81ACFE36-5195-4370-8F79-5963E823B657}
		{D713A2F1-A461-495E-8D74-D2846A70EA36} = {D5806FD9-B26A-4059-B630-AB72EB4F0742}
		{EFBEE0B8-275D-4700-BCC3-78C79BEE0A57} = {D5806FD9-B26A-4059-B630-AB72EB4F0742}
	EndGlobalSection
EndGlobal
